
Microsoft Visual Studio Solution File, Format Version 12.00
Project("{FAE04EC0-301F-11D3-BF4B-00C04F79EFBC}") = "LendIT", "LendIT\LendIT.csproj", "{7895BA7A-72FC-481A-AD00-026AEC84152F}"
EndProject
Global
	GlobalSection(SolutionConfigurationPlatforms) = preSolution
		Debug|Any CPU = Debug|Any CPU
		Release|Any CPU = Release|Any CPU
	EndGlobalSection
	GlobalSection(ProjectConfigurationPlatforms) = postSolution
		{7895BA7A-72FC-481A-AD00-026AEC84152F}.Debug|Any CPU.ActiveCfg = Debug|Any CPU
		{7895BA7A-72FC-481A-AD00-026AEC84152F}.Debug|Any CPU.Build.0 = Debug|Any CPU
		{7895BA7A-72FC-481A-AD00-026AEC84152F}.Release|Any CPU.ActiveCfg = Release|Any CPU
		{7895BA7A-72FC-481A-AD00-026AEC84152F}.Release|Any CPU.Build.0 = Release|Any CPU
	EndGlobalSection
EndGlobal
